
Microsoft Visual Studio Solution File, Format Version 12.00
Project("{FAE04EC0-301F-11D3-BF4B-00C04F79EFBC}") = "ITMO.Course3.Lab1.Task4", "ITMO.Course3.Lab1.Task4.csproj", "{43358F99-E1BA-4CCF-BF1E-9933290B1063}"
EndProject
Global
	GlobalSection(SolutionConfigurationPlatforms) = preSolution
		Debug|Any CPU = Debug|Any CPU
		Release|Any CPU = Release|Any CPU
	EndGlobalSection
	GlobalSection(ProjectConfigurationPlatforms) = postSolution
		{43358F99-E1BA-4CCF-BF1E-9933290B1063}.Debug|Any CPU.ActiveCfg = Debug|Any CPU
		{43358F99-E1BA-4CCF-BF1E-9933290B1063}.Debug|Any CPU.Build.0 = Debug|Any CPU
		{43358F99-E1BA-4CCF-BF1E-9933290B1063}.Release|Any CPU.ActiveCfg = Release|Any CPU
		{43358F99-E1BA-4CCF-BF1E-9933290B1063}.Release|Any CPU.Build.0 = Release|Any CPU
	EndGlobalSection
EndGlobal
