
Microsoft Visual Studio Solution File, Format Version 12.00
Project("{FAE04EC0-301F-11D3-BF4B-00C04F79EFBC}") = "ITMO.Course3.Lab1", "ITMO.Course3.Lab1.csproj", "{76E35011-6FED-4EC0-9A4A-138AE904ABE7}"
EndProject
Global
	GlobalSection(SolutionConfigurationPlatforms) = preSolution
		Debug|Any CPU = Debug|Any CPU
		Release|Any CPU = Release|Any CPU
	EndGlobalSection
	GlobalSection(ProjectConfigurationPlatforms) = postSolution
		{76E35011-6FED-4EC0-9A4A-138AE904ABE7}.Debug|Any CPU.ActiveCfg = Debug|Any CPU
		{76E35011-6FED-4EC0-9A4A-138AE904ABE7}.Debug|Any CPU.Build.0 = Debug|Any CPU
		{76E35011-6FED-4EC0-9A4A-138AE904ABE7}.Release|Any CPU.ActiveCfg = Release|Any CPU
		{76E35011-6FED-4EC0-9A4A-138AE904ABE7}.Release|Any CPU.Build.0 = Release|Any CPU
	EndGlobalSection
EndGlobal
